
Microsoft Visual Studio Solution File, Format Version 12.00
# Visual Studio Version 17
VisualStudioVersion = 17.9.34723.18
MinimumVisualStudioVersion = 10.0.40219.1
Project("{FAE04EC0-301F-11D3-BF4B-00C04F79EFBC}") = "Cw10", "Cw10.csproj", "{7A3E4645-1DEF-4BDA-86D2-124FD9BBCAA4}"
EndProject
Global
	GlobalSection(SolutionConfigurationPlatforms) = preSolution
		Debug|Any CPU = Debug|Any CPU
		Release|Any CPU = Release|Any CPU
	EndGlobalSection
	GlobalSection(ProjectConfigurationPlatforms) = postSolution
		{7A3E4645-1DEF-4BDA-86D2-124FD9BBCAA4}.Debug|Any CPU.ActiveCfg = Debug|Any CPU
		{7A3E4645-1DEF-4BDA-86D2-124FD9BBCAA4}.Debug|Any CPU.Build.0 = Debug|Any CPU
		{7A3E4645-1DEF-4BDA-86D2-124FD9BBCAA4}.Release|Any CPU.ActiveCfg = Release|Any CPU
		{7A3E4645-1DEF-4BDA-86D2-124FD9BBCAA4}.Release|Any CPU.Build.0 = Release|Any CPU
	EndGlobalSection
	GlobalSection(SolutionProperties) = preSolution
		HideSolutionNode = FALSE
	EndGlobalSection
	GlobalSection(ExtensibilityGlobals) = postSolution
		SolutionGuid = {EBB24214-C50C-414A-AF27-107A44932571}
	EndGlobalSection
EndGlobal
