
Microsoft Visual Studio Solution File, Format Version 12.00
# Visual Studio Version 17
VisualStudioVersion = 17.9.34723.18
MinimumVisualStudioVersion = 10.0.40219.1
Project("{FAE04EC0-301F-11D3-BF4B-00C04F79EFBC}") = "Cw5", "Cw5.csproj", "{E0B412AB-632B-4F2A-977C-3B7418134AEE}"
EndProject
Global
	GlobalSection(SolutionConfigurationPlatforms) = preSolution
		Debug|Any CPU = Debug|Any CPU
		Release|Any CPU = Release|Any CPU
	EndGlobalSection
	GlobalSection(ProjectConfigurationPlatforms) = postSolution
		{E0B412AB-632B-4F2A-977C-3B7418134AEE}.Debug|Any CPU.ActiveCfg = Debug|Any CPU
		{E0B412AB-632B-4F2A-977C-3B7418134AEE}.Debug|Any CPU.Build.0 = Debug|Any CPU
		{E0B412AB-632B-4F2A-977C-3B7418134AEE}.Release|Any CPU.ActiveCfg = Release|Any CPU
		{E0B412AB-632B-4F2A-977C-3B7418134AEE}.Release|Any CPU.Build.0 = Release|Any CPU
	EndGlobalSection
	GlobalSection(SolutionProperties) = preSolution
		HideSolutionNode = FALSE
	EndGlobalSection
	GlobalSection(ExtensibilityGlobals) = postSolution
		SolutionGuid = {B0282AAB-2341-4471-8C4A-6ABF8DFACE73}
	EndGlobalSection
EndGlobal
